// !$*UTF8*$!
{
	archiveVersion = 1;
	classes = {
	};
	objectVersion = 46;
	objects = {

/* Begin PBXBuildFile section */
		8BEEF2C11B5AEC70007DACE1 /* AppDelegate.swift in Sources */ = {isa = PBXBuildFile; fileRef = 8BEEF2C01B5AEC70007DACE1 /* AppDelegate.swift */; };
		8BEEF2C31B5AEC70007DACE1 /* ViewController.swift in Sources */ = {isa = PBXBuildFile; fileRef = 8BEEF2C21B5AEC70007DACE1 /* ViewController.swift */; };
		8BEEF2C61B5AEC70007DACE1 /* Main.storyboard in Resources */ = {isa = PBXBuildFile; fileRef = 8BEEF2C41B5AEC70007DACE1 /* Main.storyboard */; };
		8BEEF2C81B5AEC70007DACE1 /* Images.xcassets in Resources */ = {isa = PBXBuildFile; fileRef = 8BEEF2C71B5AEC70007DACE1 /* Images.xcassets */; };
		8BEEF2CB1B5AEC70007DACE1 /* LaunchScreen.xib in Resources */ = {isa = PBXBuildFile; fileRef = 8BEEF2C91B5AEC70007DACE1 /* LaunchScreen.xib */; };
		8BEEF2D71B5AEC70007DACE1 /* DataGridViewTests.swift in Sources */ = {isa = PBXBuildFile; fileRef = 8BEEF2D61B5AEC70007DACE1 /* DataGridViewTests.swift */; };
		8BEEF2E21B5AEC8F007DACE1 /* Node.swift in Sources */ = {isa = PBXBuildFile; fileRef = 8BEEF2E11B5AEC8F007DACE1 /* Node.swift */; };
		8BEEF2E41B5AEDD4007DACE1 /* Scene.swift in Sources */ = {isa = PBXBuildFile; fileRef = 8BEEF2E31B5AEDD4007DACE1 /* Scene.swift */; };
		8BEEF2E81B5AF003007DACE1 /* Cube.swift in Sources */ = {isa = PBXBuildFile; fileRef = 8BEEF2E71B5AF003007DACE1 /* Cube.swift */; };
		8BEEF2EA1B5AF022007DACE1 /* Vertex.swift in Sources */ = {isa = PBXBuildFile; fileRef = 8BEEF2E91B5AF022007DACE1 /* Vertex.swift */; };
		8BEEF2EC1B5AF044007DACE1 /* Triangle.swift in Sources */ = {isa = PBXBuildFile; fileRef = 8BEEF2EB1B5AF044007DACE1 /* Triangle.swift */; };
		8BEEF2EE1B5B113F007DACE1 /* MetalViewController.swift in Sources */ = {isa = PBXBuildFile; fileRef = 8BEEF2ED1B5B113F007DACE1 /* MetalViewController.swift */; };
		8BEEF2F01B5B1162007DACE1 /* BufferProvider.swift in Sources */ = {isa = PBXBuildFile; fileRef = 8BEEF2EF1B5B1162007DACE1 /* BufferProvider.swift */; };
		8BEEF2F21B5B117F007DACE1 /* MetalTexture.swift in Sources */ = {isa = PBXBuildFile; fileRef = 8BEEF2F11B5B117F007DACE1 /* MetalTexture.swift */; };
		8BEEF2F61B5B1318007DACE1 /* Matrix4.m in Sources */ = {isa = PBXBuildFile; fileRef = 8BEEF2F51B5B1318007DACE1 /* Matrix4.m */; };
		8BEEF2F81B5B210C007DACE1 /* Shaders.metal in Sources */ = {isa = PBXBuildFile; fileRef = 8BEEF2F71B5B210C007DACE1 /* Shaders.metal */; };
		8BEEF2FA1B5B22DE007DACE1 /* cube.png in Resources */ = {isa = PBXBuildFile; fileRef = 8BEEF2F91B5B22DE007DACE1 /* cube.png */; };
		8BEEF2FC1B5C21A4007DACE1 /* MetalViewControllerDelegate.swift in Sources */ = {isa = PBXBuildFile; fileRef = 8BEEF2FB1B5C21A4007DACE1 /* MetalViewControllerDelegate.swift */; };
/* End PBXBuildFile section */

/* Begin PBXContainerItemProxy section */
		8BEEF2D11B5AEC70007DACE1 /* PBXContainerItemProxy */ = {
			isa = PBXContainerItemProxy;
			containerPortal = 8BEEF2B31B5AEC70007DACE1 /* Project object */;
			proxyType = 1;
			remoteGlobalIDString = 8BEEF2BA1B5AEC70007DACE1;
			remoteInfo = DataGridView;
		};
/* End PBXContainerItemProxy section */

/* Begin PBXFileReference section */
		8BEEF2BB1B5AEC70007DACE1 /* DataGridView.app */ = {isa = PBXFileReference; explicitFileType = wrapper.application; includeInIndex = 0; path = DataGridView.app; sourceTree = BUILT_PRODUCTS_DIR; };
		8BEEF2BF1B5AEC70007DACE1 /* Info.plist */ = {isa = PBXFileReference; lastKnownFileType = text.plist.xml; path = Info.plist; sourceTree = "<group>"; };
		8BEEF2C01B5AEC70007DACE1 /* AppDelegate.swift */ = {isa = PBXFileReference; lastKnownFileType = sourcecode.swift; path = AppDelegate.swift; sourceTree = "<group>"; };
		8BEEF2C21B5AEC70007DACE1 /* ViewController.swift */ = {isa = PBXFileReference; lastKnownFileType = sourcecode.swift; path = ViewController.swift; sourceTree = "<group>"; };
		8BEEF2C51B5AEC70007DACE1 /* Base */ = {isa = PBXFileReference; lastKnownFileType = file.storyboard; name = Base; path = Base.lproj/Main.storyboard; sourceTree = "<group>"; };
		8BEEF2C71B5AEC70007DACE1 /* Images.xcassets */ = {isa = PBXFileReference; lastKnownFileType = folder.assetcatalog; path = Images.xcassets; sourceTree = "<group>"; };
		8BEEF2CA1B5AEC70007DACE1 /* Base */ = {isa = PBXFileReference; lastKnownFileType = file.xib; name = Base; path = Base.lproj/LaunchScreen.xib; sourceTree = "<group>"; };
		8BEEF2D01B5AEC70007DACE1 /* DataGridViewTests.xctest */ = {isa = PBXFileReference; explicitFileType = wrapper.cfbundle; includeInIndex = 0; path = DataGridViewTests.xctest; sourceTree = BUILT_PRODUCTS_DIR; };
		8BEEF2D51B5AEC70007DACE1 /* Info.plist */ = {isa = PBXFileReference; lastKnownFileType = text.plist.xml; path = Info.plist; sourceTree = "<group>"; };
		8BEEF2D61B5AEC70007DACE1 /* DataGridViewTests.swift */ = {isa = PBXFileReference; lastKnownFileType = sourcecode.swift; path = DataGridViewTests.swift; sourceTree = "<group>"; };
		8BEEF2E11B5AEC8F007DACE1 /* Node.swift */ = {isa = PBXFileReference; fileEncoding = 4; lastKnownFileType = sourcecode.swift; path = Node.swift; sourceTree = "<group>"; };
		8BEEF2E31B5AEDD4007DACE1 /* Scene.swift */ = {isa = PBXFileReference; fileEncoding = 4; lastKnownFileType = sourcecode.swift; path = Scene.swift; sourceTree = "<group>"; };
		8BEEF2E71B5AF003007DACE1 /* Cube.swift */ = {isa = PBXFileReference; fileEncoding = 4; lastKnownFileType = sourcecode.swift; path = Cube.swift; sourceTree = "<group>"; };
		8BEEF2E91B5AF022007DACE1 /* Vertex.swift */ = {isa = PBXFileReference; fileEncoding = 4; lastKnownFileType = sourcecode.swift; path = Vertex.swift; sourceTree = "<group>"; };
		8BEEF2EB1B5AF044007DACE1 /* Triangle.swift */ = {isa = PBXFileReference; fileEncoding = 4; lastKnownFileType = sourcecode.swift; path = Triangle.swift; sourceTree = "<group>"; };
		8BEEF2ED1B5B113F007DACE1 /* MetalViewController.swift */ = {isa = PBXFileReference; fileEncoding = 4; lastKnownFileType = sourcecode.swift; path = MetalViewController.swift; sourceTree = "<group>"; };
		8BEEF2EF1B5B1162007DACE1 /* BufferProvider.swift */ = {isa = PBXFileReference; fileEncoding = 4; lastKnownFileType = sourcecode.swift; path = BufferProvider.swift; sourceTree = "<group>"; };
		8BEEF2F11B5B117F007DACE1 /* MetalTexture.swift */ = {isa = PBXFileReference; fileEncoding = 4; lastKnownFileType = sourcecode.swift; path = MetalTexture.swift; sourceTree = "<group>"; };
		8BEEF2F31B5B11A5007DACE1 /* Matrix4.h */ = {isa = PBXFileReference; lastKnownFileType = sourcecode.c.h; path = Matrix4.h; sourceTree = "<group>"; };
		8BEEF2F41B5B1318007DACE1 /* DataGridView-Bridging-Header.h */ = {isa = PBXFileReference; lastKnownFileType = sourcecode.c.h; path = "DataGridView-Bridging-Header.h"; sourceTree = "<group>"; };
		8BEEF2F51B5B1318007DACE1 /* Matrix4.m */ = {isa = PBXFileReference; fileEncoding = 4; lastKnownFileType = sourcecode.c.objc; path = Matrix4.m; sourceTree = "<group>"; };
		8BEEF2F71B5B210C007DACE1 /* Shaders.metal */ = {isa = PBXFileReference; fileEncoding = 4; lastKnownFileType = sourcecode.metal; path = Shaders.metal; sourceTree = "<group>"; };
		8BEEF2F91B5B22DE007DACE1 /* cube.png */ = {isa = PBXFileReference; lastKnownFileType = image.png; path = cube.png; sourceTree = "<group>"; };
		8BEEF2FB1B5C21A4007DACE1 /* MetalViewControllerDelegate.swift */ = {isa = PBXFileReference; fileEncoding = 4; lastKnownFileType = sourcecode.swift; path = MetalViewControllerDelegate.swift; sourceTree = "<group>"; };
/* End PBXFileReference section */

/* Begin PBXFrameworksBuildPhase section */
		8BEEF2B81B5AEC70007DACE1 /* Frameworks */ = {
			isa = PBXFrameworksBuildPhase;
			buildActionMask = 2147483647;
			files = (
			);
			runOnlyForDeploymentPostprocessing = 0;
		};
		8BEEF2CD1B5AEC70007DACE1 /* Frameworks */ = {
			isa = PBXFrameworksBuildPhase;
			buildActionMask = 2147483647;
			files = (
			);
			runOnlyForDeploymentPostprocessing = 0;
		};
/* End PBXFrameworksBuildPhase section */

/* Begin PBXGroup section */
		8BEEF2B21B5AEC70007DACE1 = {
			isa = PBXGroup;
			children = (
				8BEEF2BD1B5AEC70007DACE1 /* DataGridView */,
				8BEEF2D31B5AEC70007DACE1 /* DataGridViewTests */,
				8BEEF2BC1B5AEC70007DACE1 /* Products */,
			);
			sourceTree = "<group>";
		};
		8BEEF2BC1B5AEC70007DACE1 /* Products */ = {
			isa = PBXGroup;
			children = (
				8BEEF2BB1B5AEC70007DACE1 /* DataGridView.app */,
				8BEEF2D01B5AEC70007DACE1 /* DataGridViewTests.xctest */,
			);
			name = Products;
			sourceTree = "<group>";
		};
		8BEEF2BD1B5AEC70007DACE1 /* DataGridView */ = {
			isa = PBXGroup;
			children = (
				8BEEF2FD1B5C21EF007DACE1 /* Metal */,
				8BEEF2F91B5B22DE007DACE1 /* cube.png */,
				8BEEF2E01B5AEC80007DACE1 /* Nodes */,
				8BEEF2C01B5AEC70007DACE1 /* AppDelegate.swift */,
				8BEEF2C21B5AEC70007DACE1 /* ViewController.swift */,
				8BEEF2C41B5AEC70007DACE1 /* Main.storyboard */,
				8BEEF2C71B5AEC70007DACE1 /* Images.xcassets */,
				8BEEF2C91B5AEC70007DACE1 /* LaunchScreen.xib */,
				8BEEF2BE1B5AEC70007DACE1 /* Supporting Files */,
			);
			path = DataGridView;
			sourceTree = "<group>";
		};
		8BEEF2BE1B5AEC70007DACE1 /* Supporting Files */ = {
			isa = PBXGroup;
			children = (
				8BEEF2BF1B5AEC70007DACE1 /* Info.plist */,
			);
			name = "Supporting Files";
			sourceTree = "<group>";
		};
		8BEEF2D31B5AEC70007DACE1 /* DataGridViewTests */ = {
			isa = PBXGroup;
			children = (
				8BEEF2D61B5AEC70007DACE1 /* DataGridViewTests.swift */,
				8BEEF2D41B5AEC70007DACE1 /* Supporting Files */,
			);
			path = DataGridViewTests;
			sourceTree = "<group>";
		};
		8BEEF2D41B5AEC70007DACE1 /* Supporting Files */ = {
			isa = PBXGroup;
			children = (
				8BEEF2D51B5AEC70007DACE1 /* Info.plist */,
			);
			name = "Supporting Files";
			sourceTree = "<group>";
		};
		8BEEF2E01B5AEC80007DACE1 /* Nodes */ = {
			isa = PBXGroup;
			children = (
				8BEEF2E11B5AEC8F007DACE1 /* Node.swift */,
				8BEEF2E31B5AEDD4007DACE1 /* Scene.swift */,
				8BEEF2E71B5AF003007DACE1 /* Cube.swift */,
				8BEEF2EB1B5AF044007DACE1 /* Triangle.swift */,
			);
			name = Nodes;
			sourceTree = "<group>";
		};
		8BEEF2FD1B5C21EF007DACE1 /* Metal */ = {
			isa = PBXGroup;
			children = (
				8BEEF2E91B5AF022007DACE1 /* Vertex.swift */,
				8BEEF2ED1B5B113F007DACE1 /* MetalViewController.swift */,
				8BEEF2EF1B5B1162007DACE1 /* BufferProvider.swift */,
				8BEEF2F11B5B117F007DACE1 /* MetalTexture.swift */,
				8BEEF2F31B5B11A5007DACE1 /* Matrix4.h */,
				8BEEF2F71B5B210C007DACE1 /* Shaders.metal */,
				8BEEF2F51B5B1318007DACE1 /* Matrix4.m */,
				8BEEF2F41B5B1318007DACE1 /* DataGridView-Bridging-Header.h */,
				8BEEF2FB1B5C21A4007DACE1 /* MetalViewControllerDelegate.swift */,
			);
			name = Metal;
			sourceTree = "<group>";
		};
/* End PBXGroup section */

/* Begin PBXNativeTarget section */
		8BEEF2BA1B5AEC70007DACE1 /* DataGridView */ = {
			isa = PBXNativeTarget;
			buildConfigurationList = 8BEEF2DA1B5AEC70007DACE1 /* Build configuration list for PBXNativeTarget "DataGridView" */;
			buildPhases = (
				8BEEF2B71B5AEC70007DACE1 /* Sources */,
				8BEEF2B81B5AEC70007DACE1 /* Frameworks */,
				8BEEF2B91B5AEC70007DACE1 /* Resources */,
			);
			buildRules = (
			);
			dependencies = (
			);
			name = DataGridView;
			productName = DataGridView;
			productReference = 8BEEF2BB1B5AEC70007DACE1 /* DataGridView.app */;
			productType = "com.apple.product-type.application";
		};
		8BEEF2CF1B5AEC70007DACE1 /* DataGridViewTests */ = {
			isa = PBXNativeTarget;
			buildConfigurationList = 8BEEF2DD1B5AEC70007DACE1 /* Build configuration list for PBXNativeTarget "DataGridViewTests" */;
			buildPhases = (
				8BEEF2CC1B5AEC70007DACE1 /* Sources */,
				8BEEF2CD1B5AEC70007DACE1 /* Frameworks */,
				8BEEF2CE1B5AEC70007DACE1 /* Resources */,
			);
			buildRules = (
			);
			dependencies = (
				8BEEF2D21B5AEC70007DACE1 /* PBXTargetDependency */,
			);
			name = DataGridViewTests;
			productName = DataGridViewTests;
			productReference = 8BEEF2D01B5AEC70007DACE1 /* DataGridViewTests.xctest */;
			productType = "com.apple.product-type.bundle.unit-test";
		};
/* End PBXNativeTarget section */

/* Begin PBXProject section */
		8BEEF2B31B5AEC70007DACE1 /* Project object */ = {
			isa = PBXProject;
			attributes = {
				LastUpgradeCheck = 0640;
				ORGANIZATIONNAME = DataMingle;
				TargetAttributes = {
					8BEEF2BA1B5AEC70007DACE1 = {
						CreatedOnToolsVersion = 6.4;
					};
					8BEEF2CF1B5AEC70007DACE1 = {
						CreatedOnToolsVersion = 6.4;
						TestTargetID = 8BEEF2BA1B5AEC70007DACE1;
					};
				};
			};
			buildConfigurationList = 8BEEF2B61B5AEC70007DACE1 /* Build configuration list for PBXProject "DataGridView" */;
			compatibilityVersion = "Xcode 3.2";
			developmentRegion = English;
			hasScannedForEncodings = 0;
			knownRegions = (
				en,
				Base,
			);
			mainGroup = 8BEEF2B21B5AEC70007DACE1;
			productRefGroup = 8BEEF2BC1B5AEC70007DACE1 /* Products */;
			projectDirPath = "";
			projectRoot = "";
			targets = (
				8BEEF2BA1B5AEC70007DACE1 /* DataGridView */,
				8BEEF2CF1B5AEC70007DACE1 /* DataGridViewTests */,
			);
		};
/* End PBXProject section */

/* Begin PBXResourcesBuildPhase section */
		8BEEF2B91B5AEC70007DACE1 /* Resources */ = {
			isa = PBXResourcesBuildPhase;
			buildActionMask = 2147483647;
			files = (
				8BEEF2C61B5AEC70007DACE1 /* Main.storyboard in Resources */,
				8BEEF2CB1B5AEC70007DACE1 /* LaunchScreen.xib in Resources */,
				8BEEF2FA1B5B22DE007DACE1 /* cube.png in Resources */,
				8BEEF2C81B5AEC70007DACE1 /* Images.xcassets in Resources */,
			);
			runOnlyForDeploymentPostprocessing = 0;
		};
		8BEEF2CE1B5AEC70007DACE1 /* Resources */ = {
			isa = PBXResourcesBuildPhase;
			buildActionMask = 2147483647;
			files = (
			);
			runOnlyForDeploymentPostprocessing = 0;
		};
/* End PBXResourcesBuildPhase section */

/* Begin PBXSourcesBuildPhase section */
		8BEEF2B71B5AEC70007DACE1 /* Sources */ = {
			isa = PBXSourcesBuildPhase;
			buildActionMask = 2147483647;
			files = (
				8BEEF2F81B5B210C007DACE1 /* Shaders.metal in Sources */,
				8BEEF2E41B5AEDD4007DACE1 /* Scene.swift in Sources */,
				8BEEF2E81B5AF003007DACE1 /* Cube.swift in Sources */,
				8BEEF2F01B5B1162007DACE1 /* BufferProvider.swift in Sources */,
				8BEEF2E21B5AEC8F007DACE1 /* Node.swift in Sources */,
				8BEEF2C31B5AEC70007DACE1 /* ViewController.swift in Sources */,
				8BEEF2F21B5B117F007DACE1 /* MetalTexture.swift in Sources */,
				8BEEF2C11B5AEC70007DACE1 /* AppDelegate.swift in Sources */,
				8BEEF2EC1B5AF044007DACE1 /* Triangle.swift in Sources */,
				8BEEF2EE1B5B113F007DACE1 /* MetalViewController.swift in Sources */,
				8BEEF2F61B5B1318007DACE1 /* Matrix4.m in Sources */,
				8BEEF2FC1B5C21A4007DACE1 /* MetalViewControllerDelegate.swift in Sources */,
				8BEEF2EA1B5AF022007DACE1 /* Vertex.swift in Sources */,
			);
			runOnlyForDeploymentPostprocessing = 0;
		};
		8BEEF2CC1B5AEC70007DACE1 /* Sources */ = {
			isa = PBXSourcesBuildPhase;
			buildActionMask = 2147483647;
			files = (
				8BEEF2D71B5AEC70007DACE1 /* DataGridViewTests.swift in Sources */,
			);
			runOnlyForDeploymentPostprocessing = 0;
		};
/* End PBXSourcesBuildPhase section */

/* Begin PBXTargetDependency section */
		8BEEF2D21B5AEC70007DACE1 /* PBXTargetDependency */ = {
			isa = PBXTargetDependency;
			target = 8BEEF2BA1B5AEC70007DACE1 /* DataGridView */;
			targetProxy = 8BEEF2D11B5AEC70007DACE1 /* PBXContainerItemProxy */;
		};
/* End PBXTargetDependency section */

/* Begin PBXVariantGroup section */
		8BEEF2C41B5AEC70007DACE1 /* Main.storyboard */ = {
			isa = PBXVariantGroup;
			children = (
				8BEEF2C51B5AEC70007DACE1 /* Base */,
			);
			name = Main.storyboard;
			sourceTree = "<group>";
		};
		8BEEF2C91B5AEC70007DACE1 /* LaunchScreen.xib */ = {
			isa = PBXVariantGroup;
			children = (
				8BEEF2CA1B5AEC70007DACE1 /* Base */,
			);
			name = LaunchScreen.xib;
			sourceTree = "<group>";
		};
/* End PBXVariantGroup section */

/* Begin XCBuildConfiguration section */
		8BEEF2D81B5AEC70007DACE1 /* Debug */ = {
			isa = XCBuildConfiguration;
			buildSettings = {
				ALWAYS_SEARCH_USER_PATHS = NO;
				CLANG_CXX_LANGUAGE_STANDARD = "gnu++0x";
				CLANG_CXX_LIBRARY = "libc++";
				CLANG_ENABLE_MODULES = YES;
				CLANG_ENABLE_OBJC_ARC = YES;
				CLANG_WARN_BOOL_CONVERSION = YES;
				CLANG_WARN_CONSTANT_CONVERSION = YES;
				CLANG_WARN_DIRECT_OBJC_ISA_USAGE = YES_ERROR;
				CLANG_WARN_EMPTY_BODY = YES;
				CLANG_WARN_ENUM_CONVERSION = YES;
				CLANG_WARN_INT_CONVERSION = YES;
				CLANG_WARN_OBJC_ROOT_CLASS = YES_ERROR;
				CLANG_WARN_UNREACHABLE_CODE = YES;
				CLANG_WARN__DUPLICATE_METHOD_MATCH = YES;
				"CODE_SIGN_IDENTITY[sdk=iphoneos*]" = "iPhone Developer";
				COPY_PHASE_STRIP = NO;
				DEBUG_INFORMATION_FORMAT = "dwarf-with-dsym";
				ENABLE_STRICT_OBJC_MSGSEND = YES;
				GCC_C_LANGUAGE_STANDARD = gnu99;
				GCC_DYNAMIC_NO_PIC = NO;
				GCC_NO_COMMON_BLOCKS = YES;
				GCC_OPTIMIZATION_LEVEL = 0;
				GCC_PREPROCESSOR_DEFINITIONS = (
					"DEBUG=1",
					"$(inherited)",
				);
				GCC_SYMBOLS_PRIVATE_EXTERN = NO;
				GCC_WARN_64_TO_32_BIT_CONVERSION = YES;
				GCC_WARN_ABOUT_RETURN_TYPE = YES_ERROR;
				GCC_WARN_UNDECLARED_SELECTOR = YES;
				GCC_WARN_UNINITIALIZED_AUTOS = YES_AGGRESSIVE;
				GCC_WARN_UNUSED_FUNCTION = YES;
				GCC_WARN_UNUSED_VARIABLE = YES;
				IPHONEOS_DEPLOYMENT_TARGET = 8.4;
				MTL_ENABLE_DEBUG_INFO = YES;
				ONLY_ACTIVE_ARCH = YES;
				SDKROOT = iphoneos;
				SWIFT_OPTIMIZATION_LEVEL = "-Onone";
				TARGETED_DEVICE_FAMILY = "1,2";
			};
			name = Debug;
		};
		8BEEF2D91B5AEC70007DACE1 /* Release */ = {
			isa = XCBuildConfiguration;
			buildSettings = {
				ALWAYS_SEARCH_USER_PATHS = NO;
				CLANG_CXX_LANGUAGE_STANDARD = "gnu++0x";
				CLANG_CXX_LIBRARY = "libc++";
				CLANG_ENABLE_MODULES = YES;
				CLANG_ENABLE_OBJC_ARC = YES;
				CLANG_WARN_BOOL_CONVERSION = YES;
				CLANG_WARN_CONSTANT_CONVERSION = YES;
				CLANG_WARN_DIRECT_OBJC_ISA_USAGE = YES_ERROR;
				CLANG_WARN_EMPTY_BODY = YES;
				CLANG_WARN_ENUM_CONVERSION = YES;
				CLANG_WARN_INT_CONVERSION = YES;
				CLANG_WARN_OBJC_ROOT_CLASS = YES_ERROR;
				CLANG_WARN_UNREACHABLE_CODE = YES;
				CLANG_WARN__DUPLICATE_METHOD_MATCH = YES;
				"CODE_SIGN_IDENTITY[sdk=iphoneos*]" = "iPhone Developer";
				COPY_PHASE_STRIP = NO;
				DEBUG_INFORMATION_FORMAT = "dwarf-with-dsym";
				ENABLE_NS_ASSERTIONS = NO;
				ENABLE_STRICT_OBJC_MSGSEND = YES;
				GCC_C_LANGUAGE_STANDARD = gnu99;
				GCC_NO_COMMON_BLOCKS = YES;
				GCC_WARN_64_TO_32_BIT_CONVERSION = YES;
				GCC_WARN_ABOUT_RETURN_TYPE = YES_ERROR;
				GCC_WARN_UNDECLARED_SELECTOR = YES;
				GCC_WARN_UNINITIALIZED_AUTOS = YES_AGGRESSIVE;
				GCC_WARN_UNUSED_FUNCTION = YES;
				GCC_WARN_UNUSED_VARIABLE = YES;
				IPHONEOS_DEPLOYMENT_TARGET = 8.4;
				MTL_ENABLE_DEBUG_INFO = NO;
				SDKROOT = iphoneos;
				TARGETED_DEVICE_FAMILY = "1,2";
				VALIDATE_PRODUCT = YES;
			};
			name = Release;
		};
		8BEEF2DB1B5AEC70007DACE1 /* Debug */ = {
			isa = XCBuildConfiguration;
			buildSettings = {
				ASSETCATALOG_COMPILER_APPICON_NAME = AppIcon;
				CLANG_ENABLE_MODULES = YES;
				INFOPLIST_FILE = DataGridView/Info.plist;
				LD_RUNPATH_SEARCH_PATHS = "$(inherited) @executable_path/Frameworks";
				PRODUCT_NAME = "$(TARGET_NAME)";
				SWIFT_OBJC_BRIDGING_HEADER = "DataGridView/DataGridView-Bridging-Header.h";
				SWIFT_OPTIMIZATION_LEVEL = "-Onone";
			};
			name = Debug;
		};
		8BEEF2DC1B5AEC70007DACE1 /* Release */ = {
			isa = XCBuildConfiguration;
			buildSettings = {
				ASSETCATALOG_COMPILER_APPICON_NAME = AppIcon;
				CLANG_ENABLE_MODULES = YES;
				INFOPLIST_FILE = DataGridView/Info.plist;
				LD_RUNPATH_SEARCH_PATHS = "$(inherited) @executable_path/Frameworks";
				PRODUCT_NAME = "$(TARGET_NAME)";
				SWIFT_OBJC_BRIDGING_HEADER = "DataGridView/DataGridView-Bridging-Header.h";
			};
			name = Release;
		};
		8BEEF2DE1B5AEC70007DACE1 /* Debug */ = {
			isa = XCBuildConfiguration;
			buildSettings = {
				BUNDLE_LOADER = "$(TEST_HOST)";
				FRAMEWORK_SEARCH_PATHS = (
					"$(SDKROOT)/Developer/Library/Frameworks",
					"$(inherited)",
				);
				GCC_PREPROCESSOR_DEFINITIONS = (
					"DEBUG=1",
					"$(inherited)",
				);
				INFOPLIST_FILE = DataGridViewTests/Info.plist;
				LD_RUNPATH_SEARCH_PATHS = "$(inherited) @executable_path/Frameworks @loader_path/Frameworks";
				PRODUCT_NAME = "$(TARGET_NAME)";
				TEST_HOST = "$(BUILT_PRODUCTS_DIR)/DataGridView.app/DataGridView";
			};
			name = Debug;
		};
		8BEEF2DF1B5AEC70007DACE1 /* Release */ = {
			isa = XCBuildConfiguration;
			buildSettings = {
				BUNDLE_LOADER = "$(TEST_HOST)";
				FRAMEWORK_SEARCH_PATHS = (
					"$(SDKROOT)/Developer/Library/Frameworks",
					"$(inherited)",
				);
				INFOPLIST_FILE = DataGridViewTests/Info.plist;
				LD_RUNPATH_SEARCH_PATHS = "$(inherited) @executable_path/Frameworks @loader_path/Frameworks";
				PRODUCT_NAME = "$(TARGET_NAME)";
				TEST_HOST = "$(BUILT_PRODUCTS_DIR)/DataGridView.app/DataGridView";
			};
			name = Release;
		};
/* End XCBuildConfiguration section */

/* Begin XCConfigurationList section */
		8BEEF2B61B5AEC70007DACE1 /* Build configuration list for PBXProject "DataGridView" */ = {
			isa = XCConfigurationList;
			buildConfigurations = (
				8BEEF2D81B5AEC70007DACE1 /* Debug */,
				8BEEF2D91B5AEC70007DACE1 /* Release */,
			);
			defaultConfigurationIsVisible = 0;
			defaultConfigurationName = Release;
		};
		8BEEF2DA1B5AEC70007DACE1 /* Build configuration list for PBXNativeTarget "DataGridView" */ = {
			isa = XCConfigurationList;
			buildConfigurations = (
				8BEEF2DB1B5AEC70007DACE1 /* Debug */,
				8BEEF2DC1B5AEC70007DACE1 /* Release */,
			);
			defaultConfigurationIsVisible = 0;
			defaultConfigurationName = Release;
		};
		8BEEF2DD1B5AEC70007DACE1 /* Build configuration list for PBXNativeTarget "DataGridViewTests" */ = {
			isa = XCConfigurationList;
			buildConfigurations = (
				8BEEF2DE1B5AEC70007DACE1 /* Debug */,
				8BEEF2DF1B5AEC70007DACE1 /* Release */,
			);
			defaultConfigurationIsVisible = 0;
			defaultConfigurationName = Release;
		};
/* End XCConfigurationList section */
	};
	rootObject = 8BEEF2B31B5AEC70007DACE1 /* Project object */;
}
